// !$*UTF8*$!
{
	archiveVersion = 1;
	classes = {
	};
	objectVersion = 50;
	objects = {

/* Begin PBXBuildFile section */
		DBE972B823FF301F00A8DF1D /* AppDelegate.swift in Sources */ = {isa = PBXBuildFile; fileRef = DBE972B723FF301F00A8DF1D /* AppDelegate.swift */; };
		DBE972BA23FF301F00A8DF1D /* SceneDelegate.swift in Sources */ = {isa = PBXBuildFile; fileRef = DBE972B923FF301F00A8DF1D /* SceneDelegate.swift */; };
		DBE972BF23FF301F00A8DF1D /* Main.storyboard in Resources */ = {isa = PBXBuildFile; fileRef = DBE972BD23FF301F00A8DF1D /* Main.storyboard */; };
		DBE972C123FF302200A8DF1D /* Assets.xcassets in Resources */ = {isa = PBXBuildFile; fileRef = DBE972C023FF302200A8DF1D /* Assets.xcassets */; };
		DBE972C423FF302200A8DF1D /* LaunchScreen.storyboard in Resources */ = {isa = PBXBuildFile; fileRef = DBE972C223FF302200A8DF1D /* LaunchScreen.storyboard */; };
		DBE972D323FF315100A8DF1D /* EntryViewController.swift in Sources */ = {isa = PBXBuildFile; fileRef = DBE972D223FF315100A8DF1D /* EntryViewController.swift */; };
		DBE972D523FF317C00A8DF1D /* SelectionViewController.swift in Sources */ = {isa = PBXBuildFile; fileRef = DBE972D423FF317C00A8DF1D /* SelectionViewController.swift */; };
/* End PBXBuildFile section */

/* Begin PBXFileReference section */
		DBE972B423FF301F00A8DF1D /* Delegate.app */ = {isa = PBXFileReference; explicitFileType = wrapper.application; includeInIndex = 0; path = Delegate.app; sourceTree = BUILT_PRODUCTS_DIR; };
		DBE972B723FF301F00A8DF1D /* AppDelegate.swift */ = {isa = PBXFileReference; lastKnownFileType = sourcecode.swift; path = AppDelegate.swift; sourceTree = "<group>"; };
		DBE972B923FF301F00A8DF1D /* SceneDelegate.swift */ = {isa = PBXFileReference; lastKnownFileType = sourcecode.swift; path = SceneDelegate.swift; sourceTree = "<group>"; };
		DBE972BE23FF301F00A8DF1D /* Base */ = {isa = PBXFileReference; lastKnownFileType = file.storyboard; name = Base; path = Base.lproj/Main.storyboard; sourceTree = "<group>"; };
		DBE972C023FF302200A8DF1D /* Assets.xcassets */ = {isa = PBXFileReference; lastKnownFileType = folder.assetcatalog; path = Assets.xcassets; sourceTree = "<group>"; };
		DBE972C323FF302200A8DF1D /* Base */ = {isa = PBXFileReference; lastKnownFileType = file.storyboard; name = Base; path = Base.lproj/LaunchScreen.storyboard; sourceTree = "<group>"; };
		DBE972C523FF302200A8DF1D /* Info.plist */ = {isa = PBXFileReference; lastKnownFileType = text.plist.xml; path = Info.plist; sourceTree = "<group>"; };
		DBE972D223FF315100A8DF1D /* EntryViewController.swift */ = {isa = PBXFileReference; lastKnownFileType = sourcecode.swift; path = EntryViewController.swift; sourceTree = "<group>"; };
		DBE972D423FF317C00A8DF1D /* SelectionViewController.swift */ = {isa = PBXFileReference; lastKnownFileType = sourcecode.swift; path = SelectionViewController.swift; sourceTree = "<group>"; };
/* End PBXFileReference section */

/* Begin PBXFrameworksBuildPhase section */
		DBE972B123FF301F00A8DF1D /* Frameworks */ = {
			isa = PBXFrameworksBuildPhase;
			buildActionMask = 2147483647;
			files = (
			);
			runOnlyForDeploymentPostprocessing = 0;
		};
/* End PBXFrameworksBuildPhase section */

/* Begin PBXGroup section */
		DBE972AB23FF301F00A8DF1D = {
			isa = PBXGroup;
			children = (
				DBE972B623FF301F00A8DF1D /* Delegate */,
				DBE972B523FF301F00A8DF1D /* Products */,
			);
			sourceTree = "<group>";
		};
		DBE972B523FF301F00A8DF1D /* Products */ = {
			isa = PBXGroup;
			children = (
				DBE972B423FF301F00A8DF1D /* Delegate.app */,
			);
			name = Products;
			sourceTree = "<group>";
		};
		DBE972B623FF301F00A8DF1D /* Delegate */ = {
			isa = PBXGroup;
			children = (
				DBE972CD23FF305300A8DF1D /* View Controllers */,
				DBE972CB23FF302E00A8DF1D /* Resources */,
				DBE972D123FF307700A8DF1D /* Storyboards */,
				DBE972C523FF302200A8DF1D /* Info.plist */,
			);
			path = Delegate;
			sourceTree = "<group>";
		};
		DBE972CB23FF302E00A8DF1D /* Resources */ = {
			isa = PBXGroup;
			children = (
				DBE972B723FF301F00A8DF1D /* AppDelegate.swift */,
				DBE972B923FF301F00A8DF1D /* SceneDelegate.swift */,
				DBE972C023FF302200A8DF1D /* Assets.xcassets */,
				DBE972C223FF302200A8DF1D /* LaunchScreen.storyboard */,
			);
			path = Resources;
			sourceTree = "<group>";
		};
		DBE972CD23FF305300A8DF1D /* View Controllers */ = {
			isa = PBXGroup;
			children = (
				DBE972D223FF315100A8DF1D /* EntryViewController.swift */,
				DBE972D423FF317C00A8DF1D /* SelectionViewController.swift */,
			);
			path = "View Controllers";
			sourceTree = "<group>";
		};
		DBE972D123FF307700A8DF1D /* Storyboards */ = {
			isa = PBXGroup;
			children = (
				DBE972BD23FF301F00A8DF1D /* Main.storyboard */,
			);
			path = Storyboards;
			sourceTree = "<group>";
		};
/* End PBXGroup section */

/* Begin PBXNativeTarget section */
		DBE972B323FF301F00A8DF1D /* Delegate */ = {
			isa = PBXNativeTarget;
			buildConfigurationList = DBE972C823FF302200A8DF1D /* Build configuration list for PBXNativeTarget "Delegate" */;
			buildPhases = (
				DBE972B023FF301F00A8DF1D /* Sources */,
				DBE972B123FF301F00A8DF1D /* Frameworks */,
				DBE972B223FF301F00A8DF1D /* Resources */,
			);
			buildRules = (
			);
			dependencies = (
			);
			name = Delegate;
			productName = Delegate;
			productReference = DBE972B423FF301F00A8DF1D /* Delegate.app */;
			productType = "com.apple.product-type.application";
		};
/* End PBXNativeTarget section */

/* Begin PBXProject section */
		DBE972AC23FF301F00A8DF1D /* Project object */ = {
			isa = PBXProject;
			attributes = {
				LastSwiftUpdateCheck = 1130;
				LastUpgradeCheck = 1130;
				ORGANIZATIONNAME = PatrickMillet79;
				TargetAttributes = {
					DBE972B323FF301F00A8DF1D = {
						CreatedOnToolsVersion = 11.3.1;
					};
				};
			};
			buildConfigurationList = DBE972AF23FF301F00A8DF1D /* Build configuration list for PBXProject "Delegate" */;
			compatibilityVersion = "Xcode 9.3";
			developmentRegion = en;
			hasScannedForEncodings = 0;
			knownRegions = (
				en,
				Base,
			);
			mainGroup = DBE972AB23FF301F00A8DF1D;
			productRefGroup = DBE972B523FF301F00A8DF1D /* Products */;
			projectDirPath = "";
			projectRoot = "";
			targets = (
				DBE972B323FF301F00A8DF1D /* Delegate */,
			);
		};
/* End PBXProject section */

/* Begin PBXResourcesBuildPhase section */
		DBE972B223FF301F00A8DF1D /* Resources */ = {
			isa = PBXResourcesBuildPhase;
			buildActionMask = 2147483647;
			files = (
				DBE972C423FF302200A8DF1D /* LaunchScreen.storyboard in Resources */,
				DBE972C123FF302200A8DF1D /* Assets.xcassets in Resources */,
				DBE972BF23FF301F00A8DF1D /* Main.storyboard in Resources */,
			);
			runOnlyForDeploymentPostprocessing = 0;
		};
/* End PBXResourcesBuildPhase section */

/* Begin PBXSourcesBuildPhase section */
		DBE972B023FF301F00A8DF1D /* Sources */ = {
			isa = PBXSourcesBuildPhase;
			buildActionMask = 2147483647;
			files = (
				DBE972B823FF301F00A8DF1D /* AppDelegate.swift in Sources */,
				DBE972D523FF317C00A8DF1D /* SelectionViewController.swift in Sources */,
				DBE972BA23FF301F00A8DF1D /* SceneDelegate.swift in Sources */,
				DBE972D323FF315100A8DF1D /* EntryViewController.swift in Sources */,
			);
			runOnlyForDeploymentPostprocessing = 0;
		};
/* End PBXSourcesBuildPhase section */

/* Begin PBXVariantGroup section */
		DBE972BD23FF301F00A8DF1D /* Main.storyboard */ = {
			isa = PBXVariantGroup;
			children = (
				DBE972BE23FF301F00A8DF1D /* Base */,
			);
			name = Main.storyboard;
			sourceTree = "<group>";
		};
		DBE972C223FF302200A8DF1D /* LaunchScreen.storyboard */ = {
			isa = PBXVariantGroup;
			children = (
				DBE972C323FF302200A8DF1D /* Base */,
			);
			name = LaunchScreen.storyboard;
			sourceTree = "<group>";
		};
/* End PBXVariantGroup section */

/* Begin XCBuildConfiguration section */
		DBE972C623FF302200A8DF1D /* Debug */ = {
			isa = XCBuildConfiguration;
			buildSettings = {
				ALWAYS_SEARCH_USER_PATHS = NO;
				CLANG_ANALYZER_NONNULL = YES;
				CLANG_ANALYZER_NUMBER_OBJECT_CONVERSION = YES_AGGRESSIVE;
				CLANG_CXX_LANGUAGE_STANDARD = "gnu++14";
				CLANG_CXX_LIBRARY = "libc++";
				CLANG_ENABLE_MODULES = YES;
				CLANG_ENABLE_OBJC_ARC = YES;
				CLANG_ENABLE_OBJC_WEAK = YES;
				CLANG_WARN_BLOCK_CAPTURE_AUTORELEASING = YES;
				CLANG_WARN_BOOL_CONVERSION = YES;
				CLANG_WARN_COMMA = YES;
				CLANG_WARN_CONSTANT_CONVERSION = YES;
				CLANG_WARN_DEPRECATED_OBJC_IMPLEMENTATIONS = YES;
				CLANG_WARN_DIRECT_OBJC_ISA_USAGE = YES_ERROR;
				CLANG_WARN_DOCUMENTATION_COMMENTS = YES;
				CLANG_WARN_EMPTY_BODY = YES;
				CLANG_WARN_ENUM_CONVERSION = YES;
				CLANG_WARN_INFINITE_RECURSION = YES;
				CLANG_WARN_INT_CONVERSION = YES;
				CLANG_WARN_NON_LITERAL_NULL_CONVERSION = YES;
				CLANG_WARN_OBJC_IMPLICIT_RETAIN_SELF = YES;
				CLANG_WARN_OBJC_LITERAL_CONVERSION = YES;
				CLANG_WARN_OBJC_ROOT_CLASS = YES_ERROR;
				CLANG_WARN_RANGE_LOOP_ANALYSIS = YES;
				CLANG_WARN_STRICT_PROTOTYPES = YES;
				CLANG_WARN_SUSPICIOUS_MOVE = YES;
				CLANG_WARN_UNGUARDED_AVAILABILITY = YES_AGGRESSIVE;
				CLANG_WARN_UNREACHABLE_CODE = YES;
				CLANG_WARN__DUPLICATE_METHOD_MATCH = YES;
				COPY_PHASE_STRIP = NO;
				DEBUG_INFORMATION_FORMAT = dwarf;
				ENABLE_STRICT_OBJC_MSGSEND = YES;
				ENABLE_TESTABILITY = YES;
				GCC_C_LANGUAGE_STANDARD = gnu11;
				GCC_DYNAMIC_NO_PIC = NO;
				GCC_NO_COMMON_BLOCKS = YES;
				GCC_OPTIMIZATION_LEVEL = 0;
				GCC_PREPROCESSOR_DEFINITIONS = (
					"DEBUG=1",
					"$(inherited)",
				);
				GCC_WARN_64_TO_32_BIT_CONVERSION = YES;
				GCC_WARN_ABOUT_RETURN_TYPE = YES_ERROR;
				GCC_WARN_UNDECLARED_SELECTOR = YES;
				GCC_WARN_UNINITIALIZED_AUTOS = YES_AGGRESSIVE;
				GCC_WARN_UNUSED_FUNCTION = YES;
				GCC_WARN_UNUSED_VARIABLE = YES;
				IPHONEOS_DEPLOYMENT_TARGET = 13.2;
				MTL_ENABLE_DEBUG_INFO = INCLUDE_SOURCE;
				MTL_FAST_MATH = YES;
				ONLY_ACTIVE_ARCH = YES;
				SDKROOT = iphoneos;
				SWIFT_ACTIVE_COMPILATION_CONDITIONS = DEBUG;
				SWIFT_OPTIMIZATION_LEVEL = "-Onone";
			};
			name = Debug;
		};
		DBE972C723FF302200A8DF1D /* Release */ = {
			isa = XCBuildConfiguration;
			buildSettings = {
				ALWAYS_SEARCH_USER_PATHS = NO;
				CLANG_ANALYZER_NONNULL = YES;
				CLANG_ANALYZER_NUMBER_OBJECT_CONVERSION = YES_AGGRESSIVE;
				CLANG_CXX_LANGUAGE_STANDARD = "gnu++14";
				CLANG_CXX_LIBRARY = "libc++";
				CLANG_ENABLE_MODULES = YES;
				CLANG_ENABLE_OBJC_ARC = YES;
				CLANG_ENABLE_OBJC_WEAK = YES;
				CLANG_WARN_BLOCK_CAPTURE_AUTORELEASING = YES;
				CLANG_WARN_BOOL_CONVERSION = YES;
				CLANG_WARN_COMMA = YES;
				CLANG_WARN_CONSTANT_CONVERSION = YES;
				CLANG_WARN_DEPRECATED_OBJC_IMPLEMENTATIONS = YES;
				CLANG_WARN_DIRECT_OBJC_ISA_USAGE = YES_ERROR;
				CLANG_WARN_DOCUMENTATION_COMMENTS = YES;
				CLANG_WARN_EMPTY_BODY = YES;
				CLANG_WARN_ENUM_CONVERSION = YES;
				CLANG_WARN_INFINITE_RECURSION = YES;
				CLANG_WARN_INT_CONVERSION = YES;
				CLANG_WARN_NON_LITERAL_NULL_CONVERSION = YES;
				CLANG_WARN_OBJC_IMPLICIT_RETAIN_SELF = YES;
				CLANG_WARN_OBJC_LITERAL_CONVERSION = YES;
				CLANG_WARN_OBJC_ROOT_CLASS = YES_ERROR;
				CLANG_WARN_RANGE_LOOP_ANALYSIS = YES;
				CLANG_WARN_STRICT_PROTOTYPES = YES;
				CLANG_WARN_SUSPICIOUS_MOVE = YES;
				CLANG_WARN_UNGUARDED_AVAILABILITY = YES_AGGRESSIVE;
				CLANG_WARN_UNREACHABLE_CODE = YES;
				CLANG_WARN__DUPLICATE_METHOD_MATCH = YES;
				COPY_PHASE_STRIP = NO;
				DEBUG_INFORMATION_FORMAT = "dwarf-with-dsym";
				ENABLE_NS_ASSERTIONS = NO;
				ENABLE_STRICT_OBJC_MSGSEND = YES;
				GCC_C_LANGUAGE_STANDARD = gnu11;
				GCC_NO_COMMON_BLOCKS = YES;
				GCC_WARN_64_TO_32_BIT_CONVERSION = YES;
				GCC_WARN_ABOUT_RETURN_TYPE = YES_ERROR;
				GCC_WARN_UNDECLARED_SELECTOR = YES;
				GCC_WARN_UNINITIALIZED_AUTOS = YES_AGGRESSIVE;
				GCC_WARN_UNUSED_FUNCTION = YES;
				GCC_WARN_UNUSED_VARIABLE = YES;
				IPHONEOS_DEPLOYMENT_TARGET = 13.2;
				MTL_ENABLE_DEBUG_INFO = NO;
				MTL_FAST_MATH = YES;
				SDKROOT = iphoneos;
				SWIFT_COMPILATION_MODE = wholemodule;
				SWIFT_OPTIMIZATION_LEVEL = "-O";
				VALIDATE_PRODUCT = YES;
			};
			name = Release;
		};
		DBE972C923FF302200A8DF1D /* Debug */ = {
			isa = XCBuildConfiguration;
			buildSettings = {
				ASSETCATALOG_COMPILER_APPICON_NAME = AppIcon;
				CODE_SIGN_STYLE = Automatic;
				DEVELOPMENT_TEAM = C8A9CLJB2H;
				INFOPLIST_FILE = Delegate/Info.plist;
				LD_RUNPATH_SEARCH_PATHS = (
					"$(inherited)",
					"@executable_path/Frameworks",
				);
				PRODUCT_BUNDLE_IDENTIFIER = com.PatrickMillet79.Delegate;
				PRODUCT_NAME = Delegate;
				SWIFT_VERSION = 5.0;
				TARGETED_DEVICE_FAMILY = "1,2";
			};
			name = Debug;
		};
		DBE972CA23FF302200A8DF1D /* Release */ = {
			isa = XCBuildConfiguration;
			buildSettings = {
				ASSETCATALOG_COMPILER_APPICON_NAME = AppIcon;
				CODE_SIGN_STYLE = Automatic;
				DEVELOPMENT_TEAM = C8A9CLJB2H;
				INFOPLIST_FILE = Delegate/Info.plist;
				LD_RUNPATH_SEARCH_PATHS = (
					"$(inherited)",
					"@executable_path/Frameworks",
				);
				PRODUCT_BUNDLE_IDENTIFIER = com.PatrickMillet79.Delegate;
				PRODUCT_NAME = Delegate;
				SWIFT_VERSION = 5.0;
				TARGETED_DEVICE_FAMILY = "1,2";
			};
			name = Release;
		};
/* End XCBuildConfiguration section */

/* Begin XCConfigurationList section */
		DBE972AF23FF301F00A8DF1D /* Build configuration list for PBXProject "Delegate" */ = {
			isa = XCConfigurationList;
			buildConfigurations = (
				DBE972C623FF302200A8DF1D /* Debug */,
				DBE972C723FF302200A8DF1D /* Release */,
			);
			defaultConfigurationIsVisible = 0;
			defaultConfigurationName = Release;
		};
		DBE972C823FF302200A8DF1D /* Build configuration list for PBXNativeTarget "Delegate" */ = {
			isa = XCConfigurationList;
			buildConfigurations = (
				DBE972C923FF302200A8DF1D /* Debug */,
				DBE972CA23FF302200A8DF1D /* Release */,
			);
			defaultConfigurationIsVisible = 0;
			defaultConfigurationName = Release;
		};
/* End XCConfigurationList section */
	};
	rootObject = DBE972AC23FF301F00A8DF1D /* Project object */;
}
